<?xml version="1.0" encoding="utf-8"?>
<Project ToolsVersion="4.0" xmlns="http://schemas.microsoft.com/developer/msbuild/2003">
  <ItemGroup>
    <Filter Include="ソース ファイル">
      <UniqueIdentifier>{4FC737F1-C7A5-4376-A066-2A32D752A2FF}</UniqueIdentifier>
      <Extensions>cpp;c;cc;cxx;def;odl;idl;hpj;bat;asm;asmx</Extensions>
    </Filter>
    <Filter Include="ヘッダー ファイル">
      <UniqueIdentifier>{93995380-89BD-4b04-88EB-625FBE52EBFB}</UniqueIdentifier>
      <Extensions>h;hpp;hxx;hm;inl;inc;xsd</Extensions>
    </Filter>
    <Filter Include="リソース ファイル">
      <UniqueIdentifier>{67DA6AB6-F800-4c08-8B7A-83BB121AAD01}</UniqueIdentifier>
      <Extensions>rc;ico;cur;bmp;dlg;rc2;rct;bin;rgs;gif;jpg;jpeg;jpe;resx;tiff;tif;png;wav;mfcribbon-ms</Extensions>
    </Filter>
    <Filter Include="ヘッダー ファイル\Rgb24">
      <UniqueIdentifier>{3fa3e0b9-57c2-48b3-86d3-d9e95d09fa34}</UniqueIdentifier>
    </Filter>
    <Filter Include="ソース ファイル\Rgb24">
      <UniqueIdentifier>{7b2b9824-7936-40db-9065-9f14d327442a}</UniqueIdentifier>
    </Filter>
  </ItemGroup>
  <ItemGroup>
    <None Include="ReadMe.txt" />
    <None Include="small.ico">
      <Filter>リソース ファイル</Filter>
    </None>
    <None Include="ResizeBench.ico">
      <Filter>リソース ファイル</Filter>
    </None>
  </ItemGroup>
  <ItemGroup>
    <ClInclude Include="stdafx.h">
      <Filter>ヘッダー ファイル</Filter>
    </ClInclude>
    <ClInclude Include="targetver.h">
      <Filter>ヘッダー ファイル</Filter>
    </ClInclude>
    <ClInclude Include="Resource.h">
      <Filter>ヘッダー ファイル</Filter>
    </ClInclude>
    <ClInclude Include="ResizeBench.h">
      <Filter>ヘッダー ファイル</Filter>
    </ClInclude>
    <ClInclude Include="Bench.h">
      <Filter>ヘッダー ファイル</Filter>
    </ClInclude>
    <ClInclude Include="Rgb24\Image.h">
      <Filter>ヘッダー ファイル\Rgb24</Filter>
    </ClInclude>
    <ClInclude Include="Rgb24\RawImage.h">
      <Filter>ヘッダー ファイル\Rgb24</Filter>
    </ClInclude>
    <ClInclude Include="Rgb24\ProcessingImage.h">
      <Filter>ヘッダー ファイル\Rgb24</Filter>
    </ClInclude>
    <ClInclude Include="Rgb24\HdcImage.h">
      <Filter>ヘッダー ファイル\Rgb24</Filter>
    </ClInclude>
    <ClInclude Include="D2dImage.h">
      <Filter>ヘッダー ファイル</Filter>
    </ClInclude>
    <ClInclude Include="Rgb24\D2dImage.h">
      <Filter>ヘッダー ファイル\Rgb24</Filter>
    </ClInclude>
  </ItemGroup>
  <ItemGroup>
    <ClCompile Include="stdafx.cpp">
      <Filter>ソース ファイル</Filter>
    </ClCompile>
    <ClCompile Include="ResizeBench.cpp">
      <Filter>ソース ファイル</Filter>
    </ClCompile>
    <ClCompile Include="Bench.cpp">
      <Filter>ソース ファイル</Filter>
    </ClCompile>
    <ClCompile Include="Rgb24\RawImage.cpp">
      <Filter>ソース ファイル\Rgb24</Filter>
    </ClCompile>
    <ClCompile Include="Rgb24\ProcessingImage.cpp">
      <Filter>ソース ファイル\Rgb24</Filter>
    </ClCompile>
    <ClCompile Include="Rgb24\HdcImage.cpp">
      <Filter>ソース ファイル\Rgb24</Filter>
    </ClCompile>
    <ClCompile Include="Rgb24\Image.cpp">
      <Filter>ソース ファイル\Rgb24</Filter>
    </ClCompile>
    <ClCompile Include="Rgb24\D2dImage.cpp">
      <Filter>ソース ファイル\Rgb24</Filter>
    </ClCompile>
  </ItemGroup>
  <ItemGroup>
    <ResourceCompile Include="ResizeBench.rc">
      <Filter>リソース ファイル</Filter>
    </ResourceCompile>
  </ItemGroup>
</Project>